{
  "name": "almacen2-root",
  "lockfileVersion": 3,
  "requires": true,
  "packages": {
    "": {
      "name": "almacen2-root",
      "private": true,
      "scripts": {
        "postinstall": "npm --prefix backend ci --no-audit --no-fund",
        "start": "node backend/index.js"
      }
    }
  }
}